
Microsoft Visual Studio Solution File, Format Version 12.00
# Visual Studio Version 17
VisualStudioVersion = 17.4.33213.308
MinimumVisualStudioVersion = 10.0.40219.1
Project("{FAE04EC0-301F-11D3-BF4B-00C04F79EFBC}") = "BookStoreRecord", "BookStoreRecord.csproj", "{363240A7-6124-490A-8765-D0A697EDD93D}"
EndProject
Global
	GlobalSection(SolutionConfigurationPlatforms) = preSolution
		Debug|Any CPU = Debug|Any CPU
		Release|Any CPU = Release|Any CPU
	EndGlobalSection
	GlobalSection(ProjectConfigurationPlatforms) = postSolution
		{363240A7-6124-490A-8765-D0A697EDD93D}.Debug|Any CPU.ActiveCfg = Debug|Any CPU
		{363240A7-6124-490A-8765-D0A697EDD93D}.Debug|Any CPU.Build.0 = Debug|Any CPU
		{363240A7-6124-490A-8765-D0A697EDD93D}.Release|Any CPU.ActiveCfg = Release|Any CPU
		{363240A7-6124-490A-8765-D0A697EDD93D}.Release|Any CPU.Build.0 = Release|Any CPU
	EndGlobalSection
	GlobalSection(SolutionProperties) = preSolution
		HideSolutionNode = FALSE
	EndGlobalSection
	GlobalSection(ExtensibilityGlobals) = postSolution
		SolutionGuid = {A40E0EB0-EF63-44C0-95FB-8AD5644286B2}
	EndGlobalSection
EndGlobal
